
Microsoft Visual Studio Solution File, Format Version 12.00
# Visual Studio Version 16
VisualStudioVersion = 16.0.30114.105
MinimumVisualStudioVersion = 10.0.40219.1
Project("{2150E333-8FDC-42A3-9474-1A3956D46DE8}") = "microservices", "microservices", "{1BCD9181-D4E1-42F2-AAD7-67A701586319}"
EndProject
Project("{2150E333-8FDC-42A3-9474-1A3956D46DE8}") = "Angelo.Booster.Identity", "Angelo.Booster.Identity", "{1DD9FAF7-5509-458D-B842-182FC19070B9}"
EndProject
Project("{FAE04EC0-301F-11D3-BF4B-00C04F79EFBC}") = "Angelo.Booster.Identity.Service", "microservices\Angelo.Booster.Identity\Angelo.Booster.Identity.Service\Angelo.Booster.Identity.Service.csproj", "{8646A8C4-152E-41BB-A91A-AECC9B89BB42}"
EndProject
Project("{2150E333-8FDC-42A3-9474-1A3956D46DE8}") = "Angelo.Booster.Inventory", "Angelo.Booster.Inventory", "{17D99B7D-6BFC-47C9-AFBB-0582E8C595E1}"
EndProject
Project("{FAE04EC0-301F-11D3-BF4B-00C04F79EFBC}") = "Angelo.Booster.Inventory.Service", "microservices\Angelo.Booster.Inventory\Angelo.Booster.Inventory.Service\Angelo.Booster.Inventory.Service.csproj", "{1907A8E3-D87C-4815-960B-77867DA4E324}"
EndProject
Project("{2150E333-8FDC-42A3-9474-1A3956D46DE8}") = "libraries", "libraries", "{B3660DC1-C9E9-437D-AC52-F1805D7BA6FF}"
EndProject
Project("{FAE04EC0-301F-11D3-BF4B-00C04F79EFBC}") = "Angelo.Booster.Libraries.MicroService", "libraries\Angelo.Booster.Libraries.MicroService\Angelo.Booster.Libraries.MicroService.csproj", "{0683F8F5-36D5-43AE-925F-7CCC7939EEEA}"
EndProject
Project("{FAE04EC0-301F-11D3-BF4B-00C04F79EFBC}") = "Angelo.Booster.Libraries.Common", "libraries\Angelo.Booster.Libraries.Common\Angelo.Booster.Libraries.Common.csproj", "{A12DC460-AD5C-4AB2-86E3-CE1073D631B5}"
EndProject
Global
	GlobalSection(SolutionConfigurationPlatforms) = preSolution
		Debug|Any CPU = Debug|Any CPU
		Release|Any CPU = Release|Any CPU
	EndGlobalSection
	GlobalSection(SolutionProperties) = preSolution
		HideSolutionNode = FALSE
	EndGlobalSection
	GlobalSection(ProjectConfigurationPlatforms) = postSolution
		{8646A8C4-152E-41BB-A91A-AECC9B89BB42}.Debug|Any CPU.ActiveCfg = Debug|Any CPU
		{8646A8C4-152E-41BB-A91A-AECC9B89BB42}.Debug|Any CPU.Build.0 = Debug|Any CPU
		{8646A8C4-152E-41BB-A91A-AECC9B89BB42}.Release|Any CPU.ActiveCfg = Release|Any CPU
		{8646A8C4-152E-41BB-A91A-AECC9B89BB42}.Release|Any CPU.Build.0 = Release|Any CPU
		{1907A8E3-D87C-4815-960B-77867DA4E324}.Debug|Any CPU.ActiveCfg = Debug|Any CPU
		{1907A8E3-D87C-4815-960B-77867DA4E324}.Debug|Any CPU.Build.0 = Debug|Any CPU
		{1907A8E3-D87C-4815-960B-77867DA4E324}.Release|Any CPU.ActiveCfg = Release|Any CPU
		{1907A8E3-D87C-4815-960B-77867DA4E324}.Release|Any CPU.Build.0 = Release|Any CPU
		{0683F8F5-36D5-43AE-925F-7CCC7939EEEA}.Debug|Any CPU.ActiveCfg = Debug|Any CPU
		{0683F8F5-36D5-43AE-925F-7CCC7939EEEA}.Debug|Any CPU.Build.0 = Debug|Any CPU
		{0683F8F5-36D5-43AE-925F-7CCC7939EEEA}.Release|Any CPU.ActiveCfg = Release|Any CPU
		{0683F8F5-36D5-43AE-925F-7CCC7939EEEA}.Release|Any CPU.Build.0 = Release|Any CPU
		{A12DC460-AD5C-4AB2-86E3-CE1073D631B5}.Debug|Any CPU.ActiveCfg = Debug|Any CPU
		{A12DC460-AD5C-4AB2-86E3-CE1073D631B5}.Debug|Any CPU.Build.0 = Debug|Any CPU
		{A12DC460-AD5C-4AB2-86E3-CE1073D631B5}.Release|Any CPU.ActiveCfg = Release|Any CPU
		{A12DC460-AD5C-4AB2-86E3-CE1073D631B5}.Release|Any CPU.Build.0 = Release|Any CPU
	EndGlobalSection
	GlobalSection(NestedProjects) = preSolution
		{1DD9FAF7-5509-458D-B842-182FC19070B9} = {1BCD9181-D4E1-42F2-AAD7-67A701586319}
		{8646A8C4-152E-41BB-A91A-AECC9B89BB42} = {1DD9FAF7-5509-458D-B842-182FC19070B9}
		{17D99B7D-6BFC-47C9-AFBB-0582E8C595E1} = {1BCD9181-D4E1-42F2-AAD7-67A701586319}
		{1907A8E3-D87C-4815-960B-77867DA4E324} = {17D99B7D-6BFC-47C9-AFBB-0582E8C595E1}
		{0683F8F5-36D5-43AE-925F-7CCC7939EEEA} = {B3660DC1-C9E9-437D-AC52-F1805D7BA6FF}
		{A12DC460-AD5C-4AB2-86E3-CE1073D631B5} = {B3660DC1-C9E9-437D-AC52-F1805D7BA6FF}
	EndGlobalSection
EndGlobal
